
Microsoft Visual Studio Solution File, Format Version 12.00
# Visual Studio Version 18
VisualStudioVersion = 18.0.11012.119
MinimumVisualStudioVersion = 10.0.40219.1
Project("{2150E333-8FDC-42A3-9474-1A3956D46DE8}") = "src", "src", "{02EA681E-C7D8-13C7-8484-4AC65E1B71E8}"
EndProject
Project("{2150E333-8FDC-42A3-9474-1A3956D46DE8}") = "api", "api", "{F7FA75E6-3E2E-483A-B150-893B584B6286}"
EndProject
Project("{FAE04EC0-301F-11D3-BF4B-00C04F79EFBC}") = "Webport.ERP.Api", "src\api\Webport.ERP.Api\Webport.ERP.Api.csproj", "{BF5F499C-9C49-48A3-8970-AC50AE97B077}"
EndProject
Project("{2150E333-8FDC-42A3-9474-1A3956D46DE8}") = "modules", "modules", "{A887FE91-4B6F-4FB0-8D92-CEE900BBB0D9}"
EndProject
Project("{2150E333-8FDC-42A3-9474-1A3956D46DE8}") = "identity", "identity", "{B72B4AB8-FD07-423D-B36B-AEE2071F2C5B}"
EndProject
Project("{FAE04EC0-301F-11D3-BF4B-00C04F79EFBC}") = "Webport.ERP.Identity.Domain", "src\modules\identity\Webport.ERP.Identity.Domain\Webport.ERP.Identity.Domain.csproj", "{5B5AC912-9E3C-4A65-A061-45C5B6FD9A64}"
EndProject
Project("{FAE04EC0-301F-11D3-BF4B-00C04F79EFBC}") = "Webport.ERP.Identity.Application", "src\modules\identity\Webport.ERP.Identity.Application\Webport.ERP.Identity.Application.csproj", "{FA326078-5FA5-4E00-A9E3-F3225390A762}"
EndProject
Project("{FAE04EC0-301F-11D3-BF4B-00C04F79EFBC}") = "Webport.ERP.Identity.Presentation", "src\modules\identity\Webport.ERP.Identity.Presentation\Webport.ERP.Identity.Presentation.csproj", "{64BF5D02-AD5F-4F1F-B92C-B00A420F50B6}"
EndProject
Project("{2150E333-8FDC-42A3-9474-1A3956D46DE8}") = "common", "common", "{18FFF052-C04E-489D-8612-0F2AB4DCA57B}"
EndProject
Project("{FAE04EC0-301F-11D3-BF4B-00C04F79EFBC}") = "Webport.ERP.Common.Domain", "src\common\Webport.ERP.Common.Domain\Webport.ERP.Common.Domain.csproj", "{AC87D617-A9E3-4368-9FAA-E67AAEF07E2F}"
EndProject
Project("{FAE04EC0-301F-11D3-BF4B-00C04F79EFBC}") = "Webport.ERP.Common.Infrastructure", "src\common\Webport.ERP.Common.Infrastructure\Webport.ERP.Common.Infrastructure.csproj", "{FC2E7A82-C5BB-4BF9-B345-9BC73B66FD7A}"
EndProject
Project("{FAE04EC0-301F-11D3-BF4B-00C04F79EFBC}") = "Webport.ERP.Common.Application", "src\common\Webport.ERP.Common.Application\Webport.ERP.Common.Application.csproj", "{7EA777FB-01DF-4B27-86B0-94D3F7050CF6}"
EndProject
Project("{FAE04EC0-301F-11D3-BF4B-00C04F79EFBC}") = "Webport.ERP.Common.Presentation", "src\common\Webport.ERP.Common.Presentation\Webport.ERP.Common.Presentation.csproj", "{F6DF5FCF-08AB-448E-9F93-7A975B77F227}"
EndProject
Project("{2150E333-8FDC-42A3-9474-1A3956D46DE8}") = "solution-items", "solution-items", "{F3B0A50C-FC31-4CA3-A4F3-B855D060FD8A}"
	ProjectSection(SolutionItems) = preProject
		.editorconfig = .editorconfig
		Directory.Build.props = Directory.Build.props
	EndProjectSection
EndProject
Project("{2150E333-8FDC-42A3-9474-1A3956D46DE8}") = "information", "information", "{B624A79C-2556-4209-A44E-4EE0E348AA26}"
	ProjectSection(SolutionItems) = preProject
		migration.txt = migration.txt
		Guide.txt = Guide.txt
	EndProjectSection
EndProject
Project("{2150E333-8FDC-42A3-9474-1A3956D46DE8}") = "inventory", "inventory", "{4C02B2D4-4CF0-47BA-8B2E-156081AA3E13}"
EndProject
Project("{FAE04EC0-301F-11D3-BF4B-00C04F79EFBC}") = "Webport.ERP.Inventory.Infrastructure", "src\modules\inventory\Webport.ERP.Inventory.Infrastructure\Webport.ERP.Inventory.Infrastructure.csproj", "{3A32CAF5-CA24-4ADC-91D8-AD21B67C04D4}"
EndProject
Project("{FAE04EC0-301F-11D3-BF4B-00C04F79EFBC}") = "Webport.ERP.Inventory.Domain", "src\modules\inventory\Webport.ERP.Inventory.Domain\Webport.ERP.Inventory.Domain.csproj", "{EECDD56A-B9FD-DB48-4EE7-40FA3F413781}"
EndProject
Project("{FAE04EC0-301F-11D3-BF4B-00C04F79EFBC}") = "Webport.ERP.Inventory.Application", "src\modules\inventory\Webport.ERP.Inventory.Application\Webport.ERP.Inventory.Application.csproj", "{BA7827F7-A5EA-4FF6-BA38-C59DBAFA90EE}"
EndProject
Project("{FAE04EC0-301F-11D3-BF4B-00C04F79EFBC}") = "Webport.ERP.Inventory.Presentation", "src\modules\inventory\Webport.ERP.Inventory.Presentation\Webport.ERP.Inventory.Presentation.csproj", "{24E90B5D-DEFD-48FD-ADE9-278CE6881F88}"
EndProject
Project("{E53339B2-1760-4266-BCC7-CA923CBCF16C}") = "docker-compose", "docker-compose.dcproj", "{81DDED9D-158B-E303-5F62-77A2896D2A5A}"
EndProject
Project("{2150E333-8FDC-42A3-9474-1A3956D46DE8}") = "apps", "apps", "{459492BE-8642-4D53-BEFA-0C9C4955E244}"
EndProject
Project("{FAE04EC0-301F-11D3-BF4B-00C04F79EFBC}") = "BlazorDashboard", "src\apps\BlazorDashboard\BlazorDashboard.csproj", "{92079617-3522-6FC3-A1B3-D70EE3D04E05}"
EndProject
Project("{FAE04EC0-301F-11D3-BF4B-00C04F79EFBC}") = "Webport.ERP.Common.ReferenceCode", "src\common\Webport.ERP.Common.ReferenceCode\Webport.ERP.Common.ReferenceCode.csproj", "{4AF53592-2B21-4B55-89DE-B9A01B9E10C1}"
EndProject
Project("{FAE04EC0-301F-11D3-BF4B-00C04F79EFBC}") = "Blazor.UI", "src\apps\Blazor.UI\Blazor.UI.csproj", "{02F156E4-2CF4-DB5E-64DF-16D402487219}"
EndProject
Project("{2150E333-8FDC-42A3-9474-1A3956D46DE8}") = "test", "test", "{695A3980-A0DA-453B-8EF7-8E7E2D6FD518}"
EndProject
Project("{FAE04EC0-301F-11D3-BF4B-00C04F79EFBC}") = "Webport.ERP.ArchitectureTests", "src\test\Webport.ERP.ArchitectureTests\Webport.ERP.ArchitectureTests.csproj", "{C4DDAE61-02B2-4FE2-903D-0D2E85EE6D9F}"
EndProject
Project("{FAE04EC0-301F-11D3-BF4B-00C04F79EFBC}") = "Webport.ERP.Identity.IntegrationEvents", "src\modules\identity\Webport.ERP.Identity.IntegrationEvents\Webport.ERP.Identity.IntegrationEvents.csproj", "{EC34F602-1F1C-4DF4-AC20-DC8E037BC195}"
EndProject
Project("{FAE04EC0-301F-11D3-BF4B-00C04F79EFBC}") = "Webport.ERP.Inventory.IntegrationEvents", "src\modules\inventory\Webport.ERP.Inventory.IntegrationEvents\Webport.ERP.Inventory.IntegrationEvents.csproj", "{D649E0E3-C795-41F8-BC5D-FEDDD9448D8F}"
EndProject
Project("{2150E333-8FDC-42A3-9474-1A3956D46DE8}") = "tests", "tests", "{81FF0729-B1F0-453D-915B-C47ED0A229D6}"
EndProject
Project("{FAE04EC0-301F-11D3-BF4B-00C04F79EFBC}") = "Webport.ERP.Identity.Infrastructure", "src\modules\identity\Webport.ERP.Identity.Infrastructure\Webport.ERP.Identity.Infrastructure.csproj", "{4A3B4A19-A16E-EFFB-6FB4-79EE3E030A1E}"
EndProject
Project("{FAE04EC0-301F-11D3-BF4B-00C04F79EFBC}") = "Webport.ERP.Identity.ArchitectureTests", "src\modules\identity\tests\Webport.ERP.Identity.ArchitectureTests\Webport.ERP.Identity.ArchitectureTests.csproj", "{16CA4055-40EA-4864-A390-A2011D7FBB50}"
EndProject
Global
	GlobalSection(SolutionConfigurationPlatforms) = preSolution
		Debug|Any CPU = Debug|Any CPU
		Release|Any CPU = Release|Any CPU
	EndGlobalSection
	GlobalSection(ProjectConfigurationPlatforms) = postSolution
		{BF5F499C-9C49-48A3-8970-AC50AE97B077}.Debug|Any CPU.ActiveCfg = Debug|Any CPU
		{BF5F499C-9C49-48A3-8970-AC50AE97B077}.Debug|Any CPU.Build.0 = Debug|Any CPU
		{BF5F499C-9C49-48A3-8970-AC50AE97B077}.Release|Any CPU.ActiveCfg = Release|Any CPU
		{BF5F499C-9C49-48A3-8970-AC50AE97B077}.Release|Any CPU.Build.0 = Release|Any CPU
		{5B5AC912-9E3C-4A65-A061-45C5B6FD9A64}.Debug|Any CPU.ActiveCfg = Debug|Any CPU
		{5B5AC912-9E3C-4A65-A061-45C5B6FD9A64}.Debug|Any CPU.Build.0 = Debug|Any CPU
		{5B5AC912-9E3C-4A65-A061-45C5B6FD9A64}.Release|Any CPU.ActiveCfg = Release|Any CPU
		{5B5AC912-9E3C-4A65-A061-45C5B6FD9A64}.Release|Any CPU.Build.0 = Release|Any CPU
		{FA326078-5FA5-4E00-A9E3-F3225390A762}.Debug|Any CPU.ActiveCfg = Debug|Any CPU
		{FA326078-5FA5-4E00-A9E3-F3225390A762}.Debug|Any CPU.Build.0 = Debug|Any CPU
		{FA326078-5FA5-4E00-A9E3-F3225390A762}.Release|Any CPU.ActiveCfg = Release|Any CPU
		{FA326078-5FA5-4E00-A9E3-F3225390A762}.Release|Any CPU.Build.0 = Release|Any CPU
		{64BF5D02-AD5F-4F1F-B92C-B00A420F50B6}.Debug|Any CPU.ActiveCfg = Debug|Any CPU
		{64BF5D02-AD5F-4F1F-B92C-B00A420F50B6}.Debug|Any CPU.Build.0 = Debug|Any CPU
		{64BF5D02-AD5F-4F1F-B92C-B00A420F50B6}.Release|Any CPU.ActiveCfg = Release|Any CPU
		{64BF5D02-AD5F-4F1F-B92C-B00A420F50B6}.Release|Any CPU.Build.0 = Release|Any CPU
		{AC87D617-A9E3-4368-9FAA-E67AAEF07E2F}.Debug|Any CPU.ActiveCfg = Debug|Any CPU
		{AC87D617-A9E3-4368-9FAA-E67AAEF07E2F}.Debug|Any CPU.Build.0 = Debug|Any CPU
		{AC87D617-A9E3-4368-9FAA-E67AAEF07E2F}.Release|Any CPU.ActiveCfg = Release|Any CPU
		{AC87D617-A9E3-4368-9FAA-E67AAEF07E2F}.Release|Any CPU.Build.0 = Release|Any CPU
		{FC2E7A82-C5BB-4BF9-B345-9BC73B66FD7A}.Debug|Any CPU.ActiveCfg = Debug|Any CPU
		{FC2E7A82-C5BB-4BF9-B345-9BC73B66FD7A}.Debug|Any CPU.Build.0 = Debug|Any CPU
		{FC2E7A82-C5BB-4BF9-B345-9BC73B66FD7A}.Release|Any CPU.ActiveCfg = Release|Any CPU
		{FC2E7A82-C5BB-4BF9-B345-9BC73B66FD7A}.Release|Any CPU.Build.0 = Release|Any CPU
		{7EA777FB-01DF-4B27-86B0-94D3F7050CF6}.Debug|Any CPU.ActiveCfg = Debug|Any CPU
		{7EA777FB-01DF-4B27-86B0-94D3F7050CF6}.Debug|Any CPU.Build.0 = Debug|Any CPU
		{7EA777FB-01DF-4B27-86B0-94D3F7050CF6}.Release|Any CPU.ActiveCfg = Release|Any CPU
		{7EA777FB-01DF-4B27-86B0-94D3F7050CF6}.Release|Any CPU.Build.0 = Release|Any CPU
		{F6DF5FCF-08AB-448E-9F93-7A975B77F227}.Debug|Any CPU.ActiveCfg = Debug|Any CPU
		{F6DF5FCF-08AB-448E-9F93-7A975B77F227}.Debug|Any CPU.Build.0 = Debug|Any CPU
		{F6DF5FCF-08AB-448E-9F93-7A975B77F227}.Release|Any CPU.ActiveCfg = Release|Any CPU
		{F6DF5FCF-08AB-448E-9F93-7A975B77F227}.Release|Any CPU.Build.0 = Release|Any CPU
		{3A32CAF5-CA24-4ADC-91D8-AD21B67C04D4}.Debug|Any CPU.ActiveCfg = Debug|Any CPU
		{3A32CAF5-CA24-4ADC-91D8-AD21B67C04D4}.Debug|Any CPU.Build.0 = Debug|Any CPU
		{3A32CAF5-CA24-4ADC-91D8-AD21B67C04D4}.Release|Any CPU.ActiveCfg = Release|Any CPU
		{3A32CAF5-CA24-4ADC-91D8-AD21B67C04D4}.Release|Any CPU.Build.0 = Release|Any CPU
		{EECDD56A-B9FD-DB48-4EE7-40FA3F413781}.Debug|Any CPU.ActiveCfg = Debug|Any CPU
		{EECDD56A-B9FD-DB48-4EE7-40FA3F413781}.Debug|Any CPU.Build.0 = Debug|Any CPU
		{EECDD56A-B9FD-DB48-4EE7-40FA3F413781}.Release|Any CPU.ActiveCfg = Release|Any CPU
		{EECDD56A-B9FD-DB48-4EE7-40FA3F413781}.Release|Any CPU.Build.0 = Release|Any CPU
		{BA7827F7-A5EA-4FF6-BA38-C59DBAFA90EE}.Debug|Any CPU.ActiveCfg = Debug|Any CPU
		{BA7827F7-A5EA-4FF6-BA38-C59DBAFA90EE}.Debug|Any CPU.Build.0 = Debug|Any CPU
		{BA7827F7-A5EA-4FF6-BA38-C59DBAFA90EE}.Release|Any CPU.ActiveCfg = Release|Any CPU
		{BA7827F7-A5EA-4FF6-BA38-C59DBAFA90EE}.Release|Any CPU.Build.0 = Release|Any CPU
		{24E90B5D-DEFD-48FD-ADE9-278CE6881F88}.Debug|Any CPU.ActiveCfg = Debug|Any CPU
		{24E90B5D-DEFD-48FD-ADE9-278CE6881F88}.Debug|Any CPU.Build.0 = Debug|Any CPU
		{24E90B5D-DEFD-48FD-ADE9-278CE6881F88}.Release|Any CPU.ActiveCfg = Release|Any CPU
		{24E90B5D-DEFD-48FD-ADE9-278CE6881F88}.Release|Any CPU.Build.0 = Release|Any CPU
		{81DDED9D-158B-E303-5F62-77A2896D2A5A}.Debug|Any CPU.ActiveCfg = Debug|Any CPU
		{81DDED9D-158B-E303-5F62-77A2896D2A5A}.Debug|Any CPU.Build.0 = Debug|Any CPU
		{81DDED9D-158B-E303-5F62-77A2896D2A5A}.Release|Any CPU.ActiveCfg = Release|Any CPU
		{81DDED9D-158B-E303-5F62-77A2896D2A5A}.Release|Any CPU.Build.0 = Release|Any CPU
		{92079617-3522-6FC3-A1B3-D70EE3D04E05}.Debug|Any CPU.ActiveCfg = Debug|Any CPU
		{92079617-3522-6FC3-A1B3-D70EE3D04E05}.Debug|Any CPU.Build.0 = Debug|Any CPU
		{92079617-3522-6FC3-A1B3-D70EE3D04E05}.Release|Any CPU.ActiveCfg = Release|Any CPU
		{92079617-3522-6FC3-A1B3-D70EE3D04E05}.Release|Any CPU.Build.0 = Release|Any CPU
		{4AF53592-2B21-4B55-89DE-B9A01B9E10C1}.Debug|Any CPU.ActiveCfg = Debug|Any CPU
		{4AF53592-2B21-4B55-89DE-B9A01B9E10C1}.Debug|Any CPU.Build.0 = Debug|Any CPU
		{4AF53592-2B21-4B55-89DE-B9A01B9E10C1}.Release|Any CPU.ActiveCfg = Release|Any CPU
		{4AF53592-2B21-4B55-89DE-B9A01B9E10C1}.Release|Any CPU.Build.0 = Release|Any CPU
		{02F156E4-2CF4-DB5E-64DF-16D402487219}.Debug|Any CPU.ActiveCfg = Debug|Any CPU
		{02F156E4-2CF4-DB5E-64DF-16D402487219}.Debug|Any CPU.Build.0 = Debug|Any CPU
		{02F156E4-2CF4-DB5E-64DF-16D402487219}.Release|Any CPU.ActiveCfg = Release|Any CPU
		{02F156E4-2CF4-DB5E-64DF-16D402487219}.Release|Any CPU.Build.0 = Release|Any CPU
		{C4DDAE61-02B2-4FE2-903D-0D2E85EE6D9F}.Debug|Any CPU.ActiveCfg = Debug|Any CPU
		{C4DDAE61-02B2-4FE2-903D-0D2E85EE6D9F}.Debug|Any CPU.Build.0 = Debug|Any CPU
		{C4DDAE61-02B2-4FE2-903D-0D2E85EE6D9F}.Release|Any CPU.ActiveCfg = Release|Any CPU
		{C4DDAE61-02B2-4FE2-903D-0D2E85EE6D9F}.Release|Any CPU.Build.0 = Release|Any CPU
		{EC34F602-1F1C-4DF4-AC20-DC8E037BC195}.Debug|Any CPU.ActiveCfg = Debug|Any CPU
		{EC34F602-1F1C-4DF4-AC20-DC8E037BC195}.Debug|Any CPU.Build.0 = Debug|Any CPU
		{EC34F602-1F1C-4DF4-AC20-DC8E037BC195}.Release|Any CPU.ActiveCfg = Release|Any CPU
		{EC34F602-1F1C-4DF4-AC20-DC8E037BC195}.Release|Any CPU.Build.0 = Release|Any CPU
		{D649E0E3-C795-41F8-BC5D-FEDDD9448D8F}.Debug|Any CPU.ActiveCfg = Debug|Any CPU
		{D649E0E3-C795-41F8-BC5D-FEDDD9448D8F}.Debug|Any CPU.Build.0 = Debug|Any CPU
		{D649E0E3-C795-41F8-BC5D-FEDDD9448D8F}.Release|Any CPU.ActiveCfg = Release|Any CPU
		{D649E0E3-C795-41F8-BC5D-FEDDD9448D8F}.Release|Any CPU.Build.0 = Release|Any CPU
		{4A3B4A19-A16E-EFFB-6FB4-79EE3E030A1E}.Debug|Any CPU.ActiveCfg = Debug|Any CPU
		{4A3B4A19-A16E-EFFB-6FB4-79EE3E030A1E}.Debug|Any CPU.Build.0 = Debug|Any CPU
		{4A3B4A19-A16E-EFFB-6FB4-79EE3E030A1E}.Release|Any CPU.ActiveCfg = Release|Any CPU
		{4A3B4A19-A16E-EFFB-6FB4-79EE3E030A1E}.Release|Any CPU.Build.0 = Release|Any CPU
		{16CA4055-40EA-4864-A390-A2011D7FBB50}.Debug|Any CPU.ActiveCfg = Debug|Any CPU
		{16CA4055-40EA-4864-A390-A2011D7FBB50}.Debug|Any CPU.Build.0 = Debug|Any CPU
		{16CA4055-40EA-4864-A390-A2011D7FBB50}.Release|Any CPU.ActiveCfg = Release|Any CPU
		{16CA4055-40EA-4864-A390-A2011D7FBB50}.Release|Any CPU.Build.0 = Release|Any CPU
	EndGlobalSection
	GlobalSection(SolutionProperties) = preSolution
		HideSolutionNode = FALSE
	EndGlobalSection
	GlobalSection(NestedProjects) = preSolution
		{F7FA75E6-3E2E-483A-B150-893B584B6286} = {02EA681E-C7D8-13C7-8484-4AC65E1B71E8}
		{BF5F499C-9C49-48A3-8970-AC50AE97B077} = {F7FA75E6-3E2E-483A-B150-893B584B6286}
		{A887FE91-4B6F-4FB0-8D92-CEE900BBB0D9} = {02EA681E-C7D8-13C7-8484-4AC65E1B71E8}
		{B72B4AB8-FD07-423D-B36B-AEE2071F2C5B} = {A887FE91-4B6F-4FB0-8D92-CEE900BBB0D9}
		{5B5AC912-9E3C-4A65-A061-45C5B6FD9A64} = {B72B4AB8-FD07-423D-B36B-AEE2071F2C5B}
		{FA326078-5FA5-4E00-A9E3-F3225390A762} = {B72B4AB8-FD07-423D-B36B-AEE2071F2C5B}
		{64BF5D02-AD5F-4F1F-B92C-B00A420F50B6} = {B72B4AB8-FD07-423D-B36B-AEE2071F2C5B}
		{18FFF052-C04E-489D-8612-0F2AB4DCA57B} = {02EA681E-C7D8-13C7-8484-4AC65E1B71E8}
		{AC87D617-A9E3-4368-9FAA-E67AAEF07E2F} = {18FFF052-C04E-489D-8612-0F2AB4DCA57B}
		{FC2E7A82-C5BB-4BF9-B345-9BC73B66FD7A} = {18FFF052-C04E-489D-8612-0F2AB4DCA57B}
		{7EA777FB-01DF-4B27-86B0-94D3F7050CF6} = {18FFF052-C04E-489D-8612-0F2AB4DCA57B}
		{F6DF5FCF-08AB-448E-9F93-7A975B77F227} = {18FFF052-C04E-489D-8612-0F2AB4DCA57B}
		{B624A79C-2556-4209-A44E-4EE0E348AA26} = {F3B0A50C-FC31-4CA3-A4F3-B855D060FD8A}
		{4C02B2D4-4CF0-47BA-8B2E-156081AA3E13} = {A887FE91-4B6F-4FB0-8D92-CEE900BBB0D9}
		{3A32CAF5-CA24-4ADC-91D8-AD21B67C04D4} = {4C02B2D4-4CF0-47BA-8B2E-156081AA3E13}
		{EECDD56A-B9FD-DB48-4EE7-40FA3F413781} = {4C02B2D4-4CF0-47BA-8B2E-156081AA3E13}
		{BA7827F7-A5EA-4FF6-BA38-C59DBAFA90EE} = {4C02B2D4-4CF0-47BA-8B2E-156081AA3E13}
		{24E90B5D-DEFD-48FD-ADE9-278CE6881F88} = {4C02B2D4-4CF0-47BA-8B2E-156081AA3E13}
		{459492BE-8642-4D53-BEFA-0C9C4955E244} = {02EA681E-C7D8-13C7-8484-4AC65E1B71E8}
		{92079617-3522-6FC3-A1B3-D70EE3D04E05} = {459492BE-8642-4D53-BEFA-0C9C4955E244}
		{4AF53592-2B21-4B55-89DE-B9A01B9E10C1} = {18FFF052-C04E-489D-8612-0F2AB4DCA57B}
		{02F156E4-2CF4-DB5E-64DF-16D402487219} = {459492BE-8642-4D53-BEFA-0C9C4955E244}
		{695A3980-A0DA-453B-8EF7-8E7E2D6FD518} = {02EA681E-C7D8-13C7-8484-4AC65E1B71E8}
		{C4DDAE61-02B2-4FE2-903D-0D2E85EE6D9F} = {695A3980-A0DA-453B-8EF7-8E7E2D6FD518}
		{EC34F602-1F1C-4DF4-AC20-DC8E037BC195} = {B72B4AB8-FD07-423D-B36B-AEE2071F2C5B}
		{D649E0E3-C795-41F8-BC5D-FEDDD9448D8F} = {4C02B2D4-4CF0-47BA-8B2E-156081AA3E13}
		{81FF0729-B1F0-453D-915B-C47ED0A229D6} = {B72B4AB8-FD07-423D-B36B-AEE2071F2C5B}
		{4A3B4A19-A16E-EFFB-6FB4-79EE3E030A1E} = {B72B4AB8-FD07-423D-B36B-AEE2071F2C5B}
		{16CA4055-40EA-4864-A390-A2011D7FBB50} = {81FF0729-B1F0-453D-915B-C47ED0A229D6}
	EndGlobalSection
	GlobalSection(ExtensibilityGlobals) = postSolution
		SolutionGuid = {4BD294E9-AE78-4D45-9BC0-0564D8E215E7}
	EndGlobalSection
EndGlobal
